
Microsoft Visual Studio Solution File, Format Version 12.00
# Visual Studio Version 17
VisualStudioVersion = 17.10.35013.160
MinimumVisualStudioVersion = 10.0.40219.1
Project("{FAE04EC0-301F-11D3-BF4B-00C04F79EFBC}") = "Month3AssessmentCode", "Month3AssessmentCode.csproj", "{4F01D9ED-B42F-4F72-9D2F-FB0AE33F940A}"
EndProject
Global
	GlobalSection(SolutionConfigurationPlatforms) = preSolution
		Debug|Any CPU = Debug|Any CPU
		Release|Any CPU = Release|Any CPU
	EndGlobalSection
	GlobalSection(ProjectConfigurationPlatforms) = postSolution
		{4F01D9ED-B42F-4F72-9D2F-FB0AE33F940A}.Debug|Any CPU.ActiveCfg = Debug|Any CPU
		{4F01D9ED-B42F-4F72-9D2F-FB0AE33F940A}.Debug|Any CPU.Build.0 = Debug|Any CPU
		{4F01D9ED-B42F-4F72-9D2F-FB0AE33F940A}.Release|Any CPU.ActiveCfg = Release|Any CPU
		{4F01D9ED-B42F-4F72-9D2F-FB0AE33F940A}.Release|Any CPU.Build.0 = Release|Any CPU
	EndGlobalSection
	GlobalSection(SolutionProperties) = preSolution
		HideSolutionNode = FALSE
	EndGlobalSection
	GlobalSection(ExtensibilityGlobals) = postSolution
		SolutionGuid = {AFFEBDD3-789C-4CA4-98D5-DBD7CD0EF235}
	EndGlobalSection
EndGlobal
